// !$*UTF8*$!
{
	archiveVersion = 1;
	classes = {
	};
	objectVersion = 50;
	objects = {

/* Begin PBXBuildFile section */
		AC103F4F2F00C68EE7335660 /* Pods_ColorsTests.framework in Frameworks */ = {isa = PBXBuildFile; fileRef = 5160A7EED85D2BBD41CF413C /* Pods_ColorsTests.framework */; };
		ADB717F7A356BE5F9151D66F /* Pods_Colors.framework in Frameworks */ = {isa = PBXBuildFile; fileRef = 1CC152A4967C372F8408F08C /* Pods_Colors.framework */; };
		BB0FA2BB8C1DE1BFBB479FA5 /* Pods_ColorsUITests.framework in Frameworks */ = {isa = PBXBuildFile; fileRef = 0447A589AFAAE67F0C1855FF /* Pods_ColorsUITests.framework */; };
		E2021D242141353A0063487F /* AppDelegate.swift in Sources */ = {isa = PBXBuildFile; fileRef = E2021D232141353A0063487F /* AppDelegate.swift */; };
		E2021D262141353A0063487F /* ViewController.swift in Sources */ = {isa = PBXBuildFile; fileRef = E2021D252141353A0063487F /* ViewController.swift */; };
		E2021D292141353A0063487F /* Main.storyboard in Resources */ = {isa = PBXBuildFile; fileRef = E2021D272141353A0063487F /* Main.storyboard */; };
		E2021D2B2141353B0063487F /* Assets.xcassets in Resources */ = {isa = PBXBuildFile; fileRef = E2021D2A2141353B0063487F /* Assets.xcassets */; };
		E2021D2E2141353B0063487F /* LaunchScreen.storyboard in Resources */ = {isa = PBXBuildFile; fileRef = E2021D2C2141353B0063487F /* LaunchScreen.storyboard */; };
		E2021D392141353B0063487F /* ColorsTests.swift in Sources */ = {isa = PBXBuildFile; fileRef = E2021D382141353B0063487F /* ColorsTests.swift */; };
		E2021D442141353B0063487F /* ColorsUITests.swift in Sources */ = {isa = PBXBuildFile; fileRef = E2021D432141353B0063487F /* ColorsUITests.swift */; };
		E20D909E214422F000B08587 /* PairingProcessViewController.swift in Sources */ = {isa = PBXBuildFile; fileRef = E20D909D214422F000B08587 /* PairingProcessViewController.swift */; };
		E2D1BDC32145F0C90007A171 /* SegueFromRight.swift in Sources */ = {isa = PBXBuildFile; fileRef = E2D1BDC22145F0C90007A171 /* SegueFromRight.swift */; };
		E2D1BDC52145F25D0007A171 /* SegueToRight.swift in Sources */ = {isa = PBXBuildFile; fileRef = E2D1BDC42145F25D0007A171 /* SegueToRight.swift */; };
		E2F04B1421439C50004581B5 /* TriangleView.swift in Sources */ = {isa = PBXBuildFile; fileRef = E2F04B1321439C50004581B5 /* TriangleView.swift */; };
		E2F04B182143AE9D004581B5 /* PairingViewController.swift in Sources */ = {isa = PBXBuildFile; fileRef = E2F04B172143AE9D004581B5 /* PairingViewController.swift */; };
		E2F04B1A2143B937004581B5 /* CircleLEDView.swift in Sources */ = {isa = PBXBuildFile; fileRef = E2F04B192143B937004581B5 /* CircleLEDView.swift */; };
/* End PBXBuildFile section */

/* Begin PBXContainerItemProxy section */
		E2021D352141353B0063487F /* PBXContainerItemProxy */ = {
			isa = PBXContainerItemProxy;
			containerPortal = E2021D18214135390063487F /* Project object */;
			proxyType = 1;
			remoteGlobalIDString = E2021D1F214135390063487F;
			remoteInfo = Colors;
		};
		E2021D402141353B0063487F /* PBXContainerItemProxy */ = {
			isa = PBXContainerItemProxy;
			containerPortal = E2021D18214135390063487F /* Project object */;
			proxyType = 1;
			remoteGlobalIDString = E2021D1F214135390063487F;
			remoteInfo = Colors;
		};
/* End PBXContainerItemProxy section */

/* Begin PBXFileReference section */
		0447A589AFAAE67F0C1855FF /* Pods_ColorsUITests.framework */ = {isa = PBXFileReference; explicitFileType = wrapper.framework; includeInIndex = 0; path = Pods_ColorsUITests.framework; sourceTree = BUILT_PRODUCTS_DIR; };
		1CC152A4967C372F8408F08C /* Pods_Colors.framework */ = {isa = PBXFileReference; explicitFileType = wrapper.framework; includeInIndex = 0; path = Pods_Colors.framework; sourceTree = BUILT_PRODUCTS_DIR; };
		2E153BD52EECFC465B1F3734 /* Pods-ColorsTests.debug.xcconfig */ = {isa = PBXFileReference; includeInIndex = 1; lastKnownFileType = text.xcconfig; name = "Pods-ColorsTests.debug.xcconfig"; path = "Pods/Target Support Files/Pods-ColorsTests/Pods-ColorsTests.debug.xcconfig"; sourceTree = "<group>"; };
		2F7799AB095660DFEDBDC672 /* Pods-ColorsTests.release.xcconfig */ = {isa = PBXFileReference; includeInIndex = 1; lastKnownFileType = text.xcconfig; name = "Pods-ColorsTests.release.xcconfig"; path = "Pods/Target Support Files/Pods-ColorsTests/Pods-ColorsTests.release.xcconfig"; sourceTree = "<group>"; };
		5160A7EED85D2BBD41CF413C /* Pods_ColorsTests.framework */ = {isa = PBXFileReference; explicitFileType = wrapper.framework; includeInIndex = 0; path = Pods_ColorsTests.framework; sourceTree = BUILT_PRODUCTS_DIR; };
		93310F04AA5A8AC4D1AFE857 /* Pods-Colors.release.xcconfig */ = {isa = PBXFileReference; includeInIndex = 1; lastKnownFileType = text.xcconfig; name = "Pods-Colors.release.xcconfig"; path = "Pods/Target Support Files/Pods-Colors/Pods-Colors.release.xcconfig"; sourceTree = "<group>"; };
		CCB8A81389757ECB67357F86 /* Pods-Colors.debug.xcconfig */ = {isa = PBXFileReference; includeInIndex = 1; lastKnownFileType = text.xcconfig; name = "Pods-Colors.debug.xcconfig"; path = "Pods/Target Support Files/Pods-Colors/Pods-Colors.debug.xcconfig"; sourceTree = "<group>"; };
		D1DCB5CC6FDDF9CB9ED49484 /* Pods-ColorsUITests.debug.xcconfig */ = {isa = PBXFileReference; includeInIndex = 1; lastKnownFileType = text.xcconfig; name = "Pods-ColorsUITests.debug.xcconfig"; path = "Pods/Target Support Files/Pods-ColorsUITests/Pods-ColorsUITests.debug.xcconfig"; sourceTree = "<group>"; };
		E2021D20214135390063487F /* Colors.app */ = {isa = PBXFileReference; explicitFileType = wrapper.application; includeInIndex = 0; path = Colors.app; sourceTree = BUILT_PRODUCTS_DIR; };
		E2021D232141353A0063487F /* AppDelegate.swift */ = {isa = PBXFileReference; lastKnownFileType = sourcecode.swift; path = AppDelegate.swift; sourceTree = "<group>"; };
		E2021D252141353A0063487F /* ViewController.swift */ = {isa = PBXFileReference; lastKnownFileType = sourcecode.swift; path = ViewController.swift; sourceTree = "<group>"; };
		E2021D282141353A0063487F /* Base */ = {isa = PBXFileReference; lastKnownFileType = file.storyboard; name = Base; path = Base.lproj/Main.storyboard; sourceTree = "<group>"; };
		E2021D2A2141353B0063487F /* Assets.xcassets */ = {isa = PBXFileReference; lastKnownFileType = folder.assetcatalog; path = Assets.xcassets; sourceTree = "<group>"; };
		E2021D2D2141353B0063487F /* Base */ = {isa = PBXFileReference; lastKnownFileType = file.storyboard; name = Base; path = Base.lproj/LaunchScreen.storyboard; sourceTree = "<group>"; };
		E2021D2F2141353B0063487F /* Info.plist */ = {isa = PBXFileReference; lastKnownFileType = text.plist.xml; path = Info.plist; sourceTree = "<group>"; };
		E2021D342141353B0063487F /* ColorsTests.xctest */ = {isa = PBXFileReference; explicitFileType = wrapper.cfbundle; includeInIndex = 0; path = ColorsTests.xctest; sourceTree = BUILT_PRODUCTS_DIR; };
		E2021D382141353B0063487F /* ColorsTests.swift */ = {isa = PBXFileReference; lastKnownFileType = sourcecode.swift; path = ColorsTests.swift; sourceTree = "<group>"; };
		E2021D3A2141353B0063487F /* Info.plist */ = {isa = PBXFileReference; lastKnownFileType = text.plist.xml; path = Info.plist; sourceTree = "<group>"; };
		E2021D3F2141353B0063487F /* ColorsUITests.xctest */ = {isa = PBXFileReference; explicitFileType = wrapper.cfbundle; includeInIndex = 0; path = ColorsUITests.xctest; sourceTree = BUILT_PRODUCTS_DIR; };
		E2021D432141353B0063487F /* ColorsUITests.swift */ = {isa = PBXFileReference; lastKnownFileType = sourcecode.swift; path = ColorsUITests.swift; sourceTree = "<group>"; };
		E2021D452141353B0063487F /* Info.plist */ = {isa = PBXFileReference; lastKnownFileType = text.plist.xml; path = Info.plist; sourceTree = "<group>"; };
		E20D909D214422F000B08587 /* PairingProcessViewController.swift */ = {isa = PBXFileReference; lastKnownFileType = sourcecode.swift; path = PairingProcessViewController.swift; sourceTree = "<group>"; };
		E2D1BDC22145F0C90007A171 /* SegueFromRight.swift */ = {isa = PBXFileReference; lastKnownFileType = sourcecode.swift; path = SegueFromRight.swift; sourceTree = "<group>"; };
		E2D1BDC42145F25D0007A171 /* SegueToRight.swift */ = {isa = PBXFileReference; lastKnownFileType = sourcecode.swift; path = SegueToRight.swift; sourceTree = "<group>"; };
		E2F04B1321439C50004581B5 /* TriangleView.swift */ = {isa = PBXFileReference; lastKnownFileType = sourcecode.swift; path = TriangleView.swift; sourceTree = "<group>"; };
		E2F04B172143AE9D004581B5 /* PairingViewController.swift */ = {isa = PBXFileReference; lastKnownFileType = sourcecode.swift; path = PairingViewController.swift; sourceTree = "<group>"; };
		E2F04B192143B937004581B5 /* CircleLEDView.swift */ = {isa = PBXFileReference; lastKnownFileType = sourcecode.swift; path = CircleLEDView.swift; sourceTree = "<group>"; };
		F69B3F6BF342CFA0F175E904 /* Pods-ColorsUITests.release.xcconfig */ = {isa = PBXFileReference; includeInIndex = 1; lastKnownFileType = text.xcconfig; name = "Pods-ColorsUITests.release.xcconfig"; path = "Pods/Target Support Files/Pods-ColorsUITests/Pods-ColorsUITests.release.xcconfig"; sourceTree = "<group>"; };
/* End PBXFileReference section */

/* Begin PBXFrameworksBuildPhase section */
		E2021D1D214135390063487F /* Frameworks */ = {
			isa = PBXFrameworksBuildPhase;
			buildActionMask = 2147483647;
			files = (
				ADB717F7A356BE5F9151D66F /* Pods_Colors.framework in Frameworks */,
			);
			runOnlyForDeploymentPostprocessing = 0;
		};
		E2021D312141353B0063487F /* Frameworks */ = {
			isa = PBXFrameworksBuildPhase;
			buildActionMask = 2147483647;
			files = (
				AC103F4F2F00C68EE7335660 /* Pods_ColorsTests.framework in Frameworks */,
			);
			runOnlyForDeploymentPostprocessing = 0;
		};
		E2021D3C2141353B0063487F /* Frameworks */ = {
			isa = PBXFrameworksBuildPhase;
			buildActionMask = 2147483647;
			files = (
				BB0FA2BB8C1DE1BFBB479FA5 /* Pods_ColorsUITests.framework in Frameworks */,
			);
			runOnlyForDeploymentPostprocessing = 0;
		};
/* End PBXFrameworksBuildPhase section */

/* Begin PBXGroup section */
		70E991C495D6C81B407E1750 /* Frameworks */ = {
			isa = PBXGroup;
			children = (
				1CC152A4967C372F8408F08C /* Pods_Colors.framework */,
				5160A7EED85D2BBD41CF413C /* Pods_ColorsTests.framework */,
				0447A589AFAAE67F0C1855FF /* Pods_ColorsUITests.framework */,
			);
			name = Frameworks;
			sourceTree = "<group>";
		};
		E1EA70B8E645DFCAF6A36FF4 /* Pods */ = {
			isa = PBXGroup;
			children = (
				CCB8A81389757ECB67357F86 /* Pods-Colors.debug.xcconfig */,
				93310F04AA5A8AC4D1AFE857 /* Pods-Colors.release.xcconfig */,
				2E153BD52EECFC465B1F3734 /* Pods-ColorsTests.debug.xcconfig */,
				2F7799AB095660DFEDBDC672 /* Pods-ColorsTests.release.xcconfig */,
				D1DCB5CC6FDDF9CB9ED49484 /* Pods-ColorsUITests.debug.xcconfig */,
				F69B3F6BF342CFA0F175E904 /* Pods-ColorsUITests.release.xcconfig */,
			);
			name = Pods;
			sourceTree = "<group>";
		};
		E2021D17214135390063487F = {
			isa = PBXGroup;
			children = (
				E2021D22214135390063487F /* Colors */,
				E2021D372141353B0063487F /* ColorsTests */,
				E2021D422141353B0063487F /* ColorsUITests */,
				E2021D21214135390063487F /* Products */,
				E1EA70B8E645DFCAF6A36FF4 /* Pods */,
				70E991C495D6C81B407E1750 /* Frameworks */,
			);
			sourceTree = "<group>";
		};
		E2021D21214135390063487F /* Products */ = {
			isa = PBXGroup;
			children = (
				E2021D20214135390063487F /* Colors.app */,
				E2021D342141353B0063487F /* ColorsTests.xctest */,
				E2021D3F2141353B0063487F /* ColorsUITests.xctest */,
			);
			name = Products;
			sourceTree = "<group>";
		};
		E2021D22214135390063487F /* Colors */ = {
			isa = PBXGroup;
			children = (
				E2021D232141353A0063487F /* AppDelegate.swift */,
				E2021D252141353A0063487F /* ViewController.swift */,
				E2021D272141353A0063487F /* Main.storyboard */,
				E2021D2A2141353B0063487F /* Assets.xcassets */,
				E2021D2C2141353B0063487F /* LaunchScreen.storyboard */,
				E2021D2F2141353B0063487F /* Info.plist */,
				E2F04B1321439C50004581B5 /* TriangleView.swift */,
				E2F04B172143AE9D004581B5 /* PairingViewController.swift */,
				E2F04B192143B937004581B5 /* CircleLEDView.swift */,
				E20D909D214422F000B08587 /* PairingProcessViewController.swift */,
				E2D1BDC22145F0C90007A171 /* SegueFromRight.swift */,
				E2D1BDC42145F25D0007A171 /* SegueToRight.swift */,
			);
			path = Colors;
			sourceTree = "<group>";
		};
		E2021D372141353B0063487F /* ColorsTests */ = {
			isa = PBXGroup;
			children = (
				E2021D382141353B0063487F /* ColorsTests.swift */,
				E2021D3A2141353B0063487F /* Info.plist */,
			);
			path = ColorsTests;
			sourceTree = "<group>";
		};
		E2021D422141353B0063487F /* ColorsUITests */ = {
			isa = PBXGroup;
			children = (
				E2021D432141353B0063487F /* ColorsUITests.swift */,
				E2021D452141353B0063487F /* Info.plist */,
			);
			path = ColorsUITests;
			sourceTree = "<group>";
		};
/* End PBXGroup section */

/* Begin PBXNativeTarget section */
		E2021D1F214135390063487F /* Colors */ = {
			isa = PBXNativeTarget;
			buildConfigurationList = E2021D482141353B0063487F /* Build configuration list for PBXNativeTarget "Colors" */;
			buildPhases = (
				EBF85921F5F00F67D53025D0 /* [CP] Check Pods Manifest.lock */,
				E2021D1C214135390063487F /* Sources */,
				E2021D1D214135390063487F /* Frameworks */,
				E2021D1E214135390063487F /* Resources */,
				A9932B6BB19D20F5DB9710DE /* [CP] Embed Pods Frameworks */,
			);
			buildRules = (
			);
			dependencies = (
			);
			name = Colors;
			productName = Colors;
			productReference = E2021D20214135390063487F /* Colors.app */;
			productType = "com.apple.product-type.application";
		};
		E2021D332141353B0063487F /* ColorsTests */ = {
			isa = PBXNativeTarget;
			buildConfigurationList = E2021D4B2141353B0063487F /* Build configuration list for PBXNativeTarget "ColorsTests" */;
			buildPhases = (
				AF75E125C96F5D5B287CAAE0 /* [CP] Check Pods Manifest.lock */,
				E2021D302141353B0063487F /* Sources */,
				E2021D312141353B0063487F /* Frameworks */,
				E2021D322141353B0063487F /* Resources */,
			);
			buildRules = (
			);
			dependencies = (
				E2021D362141353B0063487F /* PBXTargetDependency */,
			);
			name = ColorsTests;
			productName = ColorsTests;
			productReference = E2021D342141353B0063487F /* ColorsTests.xctest */;
			productType = "com.apple.product-type.bundle.unit-test";
		};
		E2021D3E2141353B0063487F /* ColorsUITests */ = {
			isa = PBXNativeTarget;
			buildConfigurationList = E2021D4E2141353B0063487F /* Build configuration list for PBXNativeTarget "ColorsUITests" */;
			buildPhases = (
				F30EAE282CCA973DD86CAA7D /* [CP] Check Pods Manifest.lock */,
				E2021D3B2141353B0063487F /* Sources */,
				E2021D3C2141353B0063487F /* Frameworks */,
				E2021D3D2141353B0063487F /* Resources */,
			);
			buildRules = (
			);
			dependencies = (
				E2021D412141353B0063487F /* PBXTargetDependency */,
			);
			name = ColorsUITests;
			productName = ColorsUITests;
			productReference = E2021D3F2141353B0063487F /* ColorsUITests.xctest */;
			productType = "com.apple.product-type.bundle.ui-testing";
		};
/* End PBXNativeTarget section */

/* Begin PBXProject section */
		E2021D18214135390063487F /* Project object */ = {
			isa = PBXProject;
			attributes = {
				LastSwiftUpdateCheck = 0940;
				LastUpgradeCheck = 0940;
				ORGANIZATIONNAME = C4nvas;
				TargetAttributes = {
					E2021D1F214135390063487F = {
						CreatedOnToolsVersion = 9.4.1;
						LastSwiftMigration = 1000;
						SystemCapabilities = {
							com.apple.BackgroundModes = {
								enabled = 1;
							};
						};
					};
					E2021D332141353B0063487F = {
						CreatedOnToolsVersion = 9.4.1;
						LastSwiftMigration = 1000;
						TestTargetID = E2021D1F214135390063487F;
					};
					E2021D3E2141353B0063487F = {
						CreatedOnToolsVersion = 9.4.1;
						LastSwiftMigration = 1000;
						TestTargetID = E2021D1F214135390063487F;
					};
				};
			};
			buildConfigurationList = E2021D1B214135390063487F /* Build configuration list for PBXProject "Colors" */;
			compatibilityVersion = "Xcode 9.3";
			developmentRegion = en;
			hasScannedForEncodings = 0;
			knownRegions = (
				en,
				Base,
			);
			mainGroup = E2021D17214135390063487F;
			productRefGroup = E2021D21214135390063487F /* Products */;
			projectDirPath = "";
			projectRoot = "";
			targets = (
				E2021D1F214135390063487F /* Colors */,
				E2021D332141353B0063487F /* ColorsTests */,
				E2021D3E2141353B0063487F /* ColorsUITests */,
			);
		};
/* End PBXProject section */

/* Begin PBXResourcesBuildPhase section */
		E2021D1E214135390063487F /* Resources */ = {
			isa = PBXResourcesBuildPhase;
			buildActionMask = 2147483647;
			files = (
				E2021D2E2141353B0063487F /* LaunchScreen.storyboard in Resources */,
				E2021D2B2141353B0063487F /* Assets.xcassets in Resources */,
				E2021D292141353A0063487F /* Main.storyboard in Resources */,
			);
			runOnlyForDeploymentPostprocessing = 0;
		};
		E2021D322141353B0063487F /* Resources */ = {
			isa = PBXResourcesBuildPhase;
			buildActionMask = 2147483647;
			files = (
			);
			runOnlyForDeploymentPostprocessing = 0;
		};
		E2021D3D2141353B0063487F /* Resources */ = {
			isa = PBXResourcesBuildPhase;
			buildActionMask = 2147483647;
			files = (
			);
			runOnlyForDeploymentPostprocessing = 0;
		};
/* End PBXResourcesBuildPhase section */

/* Begin PBXShellScriptBuildPhase section */
		A9932B6BB19D20F5DB9710DE /* [CP] Embed Pods Frameworks */ = {
			isa = PBXShellScriptBuildPhase;
			buildActionMask = 2147483647;
			files = (
			);
			inputPaths = (
				"${SRCROOT}/Pods/Target Support Files/Pods-Colors/Pods-Colors-frameworks.sh",
				"${BUILT_PRODUCTS_DIR}/MDFInternationalization/MDFInternationalization.framework",
				"${BUILT_PRODUCTS_DIR}/MDFTextAccessibility/MDFTextAccessibility.framework",
				"${BUILT_PRODUCTS_DIR}/MaterialComponents/MaterialComponents.framework",
				"${BUILT_PRODUCTS_DIR}/MotionAnimator/MotionAnimator.framework",
				"${BUILT_PRODUCTS_DIR}/MotionInterchange/MotionInterchange.framework",
			);
			name = "[CP] Embed Pods Frameworks";
			outputPaths = (
				"${TARGET_BUILD_DIR}/${FRAMEWORKS_FOLDER_PATH}/MDFInternationalization.framework",
				"${TARGET_BUILD_DIR}/${FRAMEWORKS_FOLDER_PATH}/MDFTextAccessibility.framework",
				"${TARGET_BUILD_DIR}/${FRAMEWORKS_FOLDER_PATH}/MaterialComponents.framework",
				"${TARGET_BUILD_DIR}/${FRAMEWORKS_FOLDER_PATH}/MotionAnimator.framework",
				"${TARGET_BUILD_DIR}/${FRAMEWORKS_FOLDER_PATH}/MotionInterchange.framework",
			);
			runOnlyForDeploymentPostprocessing = 0;
			shellPath = /bin/sh;
			shellScript = "\"${SRCROOT}/Pods/Target Support Files/Pods-Colors/Pods-Colors-frameworks.sh\"\n";
			showEnvVarsInLog = 0;
		};
		AF75E125C96F5D5B287CAAE0 /* [CP] Check Pods Manifest.lock */ = {
			isa = PBXShellScriptBuildPhase;
			buildActionMask = 2147483647;
			files = (
			);
			inputPaths = (
				"${PODS_PODFILE_DIR_PATH}/Podfile.lock",
				"${PODS_ROOT}/Manifest.lock",
			);
			name = "[CP] Check Pods Manifest.lock";
			outputPaths = (
				"$(DERIVED_FILE_DIR)/Pods-ColorsTests-checkManifestLockResult.txt",
			);
			runOnlyForDeploymentPostprocessing = 0;
			shellPath = /bin/sh;
			shellScript = "diff \"${PODS_PODFILE_DIR_PATH}/Podfile.lock\" \"${PODS_ROOT}/Manifest.lock\" > /dev/null\nif [ $? != 0 ] ; then\n    # print error to STDERR\n    echo \"error: The sandbox is not in sync with the Podfile.lock. Run 'pod install' or update your CocoaPods installation.\" >&2\n    exit 1\nfi\n# This output is used by Xcode 'outputs' to avoid re-running this script phase.\necho \"SUCCESS\" > \"${SCRIPT_OUTPUT_FILE_0}\"\n";
			showEnvVarsInLog = 0;
		};
		EBF85921F5F00F67D53025D0 /* [CP] Check Pods Manifest.lock */ = {
			isa = PBXShellScriptBuildPhase;
			buildActionMask = 2147483647;
			files = (
			);
			inputPaths = (
				"${PODS_PODFILE_DIR_PATH}/Podfile.lock",
				"${PODS_ROOT}/Manifest.lock",
			);
			name = "[CP] Check Pods Manifest.lock";
			outputPaths = (
				"$(DERIVED_FILE_DIR)/Pods-Colors-checkManifestLockResult.txt",
			);
			runOnlyForDeploymentPostprocessing = 0;
			shellPath = /bin/sh;
			shellScript = "diff \"${PODS_PODFILE_DIR_PATH}/Podfile.lock\" \"${PODS_ROOT}/Manifest.lock\" > /dev/null\nif [ $? != 0 ] ; then\n    # print error to STDERR\n    echo \"error: The sandbox is not in sync with the Podfile.lock. Run 'pod install' or update your CocoaPods installation.\" >&2\n    exit 1\nfi\n# This output is used by Xcode 'outputs' to avoid re-running this script phase.\necho \"SUCCESS\" > \"${SCRIPT_OUTPUT_FILE_0}\"\n";
			showEnvVarsInLog = 0;
		};
		F30EAE282CCA973DD86CAA7D /* [CP] Check Pods Manifest.lock */ = {
			isa = PBXShellScriptBuildPhase;
			buildActionMask = 2147483647;
			files = (
			);
			inputPaths = (
				"${PODS_PODFILE_DIR_PATH}/Podfile.lock",
				"${PODS_ROOT}/Manifest.lock",
			);
			name = "[CP] Check Pods Manifest.lock";
			outputPaths = (
				"$(DERIVED_FILE_DIR)/Pods-ColorsUITests-checkManifestLockResult.txt",
			);
			runOnlyForDeploymentPostprocessing = 0;
			shellPath = /bin/sh;
			shellScript = "diff \"${PODS_PODFILE_DIR_PATH}/Podfile.lock\" \"${PODS_ROOT}/Manifest.lock\" > /dev/null\nif [ $? != 0 ] ; then\n    # print error to STDERR\n    echo \"error: The sandbox is not in sync with the Podfile.lock. Run 'pod install' or update your CocoaPods installation.\" >&2\n    exit 1\nfi\n# This output is used by Xcode 'outputs' to avoid re-running this script phase.\necho \"SUCCESS\" > \"${SCRIPT_OUTPUT_FILE_0}\"\n";
			showEnvVarsInLog = 0;
		};
/* End PBXShellScriptBuildPhase section */

/* Begin PBXSourcesBuildPhase section */
		E2021D1C214135390063487F /* Sources */ = {
			isa = PBXSourcesBuildPhase;
			buildActionMask = 2147483647;
			files = (
				E2F04B1A2143B937004581B5 /* CircleLEDView.swift in Sources */,
				E2021D262141353A0063487F /* ViewController.swift in Sources */,
				E2D1BDC32145F0C90007A171 /* SegueFromRight.swift in Sources */,
				E2F04B1421439C50004581B5 /* TriangleView.swift in Sources */,
				E2021D242141353A0063487F /* AppDelegate.swift in Sources */,
				E2F04B182143AE9D004581B5 /* PairingViewController.swift in Sources */,
				E20D909E214422F000B08587 /* PairingProcessViewController.swift in Sources */,
				E2D1BDC52145F25D0007A171 /* SegueToRight.swift in Sources */,
			);
			runOnlyForDeploymentPostprocessing = 0;
		};
		E2021D302141353B0063487F /* Sources */ = {
			isa = PBXSourcesBuildPhase;
			buildActionMask = 2147483647;
			files = (
				E2021D392141353B0063487F /* ColorsTests.swift in Sources */,
			);
			runOnlyForDeploymentPostprocessing = 0;
		};
		E2021D3B2141353B0063487F /* Sources */ = {
			isa = PBXSourcesBuildPhase;
			buildActionMask = 2147483647;
			files = (
				E2021D442141353B0063487F /* ColorsUITests.swift in Sources */,
			);
			runOnlyForDeploymentPostprocessing = 0;
		};
/* End PBXSourcesBuildPhase section */

/* Begin PBXTargetDependency section */
		E2021D362141353B0063487F /* PBXTargetDependency */ = {
			isa = PBXTargetDependency;
			target = E2021D1F214135390063487F /* Colors */;
			targetProxy = E2021D352141353B0063487F /* PBXContainerItemProxy */;
		};
		E2021D412141353B0063487F /* PBXTargetDependency */ = {
			isa = PBXTargetDependency;
			target = E2021D1F214135390063487F /* Colors */;
			targetProxy = E2021D402141353B0063487F /* PBXContainerItemProxy */;
		};
/* End PBXTargetDependency section */

/* Begin PBXVariantGroup section */
		E2021D272141353A0063487F /* Main.storyboard */ = {
			isa = PBXVariantGroup;
			children = (
				E2021D282141353A0063487F /* Base */,
			);
			name = Main.storyboard;
			sourceTree = "<group>";
		};
		E2021D2C2141353B0063487F /* LaunchScreen.storyboard */ = {
			isa = PBXVariantGroup;
			children = (
				E2021D2D2141353B0063487F /* Base */,
			);
			name = LaunchScreen.storyboard;
			sourceTree = "<group>";
		};
/* End PBXVariantGroup section */

/* Begin XCBuildConfiguration section */
		E2021D462141353B0063487F /* Debug */ = {
			isa = XCBuildConfiguration;
			buildSettings = {
				ALWAYS_SEARCH_USER_PATHS = NO;
				CLANG_ANALYZER_NONNULL = YES;
				CLANG_ANALYZER_NUMBER_OBJECT_CONVERSION = YES_AGGRESSIVE;
				CLANG_CXX_LANGUAGE_STANDARD = "gnu++14";
				CLANG_CXX_LIBRARY = "libc++";
				CLANG_ENABLE_MODULES = YES;
				CLANG_ENABLE_OBJC_ARC = YES;
				CLANG_ENABLE_OBJC_WEAK = YES;
				CLANG_WARN_BLOCK_CAPTURE_AUTORELEASING = YES;
				CLANG_WARN_BOOL_CONVERSION = YES;
				CLANG_WARN_COMMA = YES;
				CLANG_WARN_CONSTANT_CONVERSION = YES;
				CLANG_WARN_DEPRECATED_OBJC_IMPLEMENTATIONS = YES;
				CLANG_WARN_DIRECT_OBJC_ISA_USAGE = YES_ERROR;
				CLANG_WARN_DOCUMENTATION_COMMENTS = YES;
				CLANG_WARN_EMPTY_BODY = YES;
				CLANG_WARN_ENUM_CONVERSION = YES;
				CLANG_WARN_INFINITE_RECURSION = YES;
				CLANG_WARN_INT_CONVERSION = YES;
				CLANG_WARN_NON_LITERAL_NULL_CONVERSION = YES;
				CLANG_WARN_OBJC_IMPLICIT_RETAIN_SELF = YES;
				CLANG_WARN_OBJC_LITERAL_CONVERSION = YES;
				CLANG_WARN_OBJC_ROOT_CLASS = YES_ERROR;
				CLANG_WARN_RANGE_LOOP_ANALYSIS = YES;
				CLANG_WARN_STRICT_PROTOTYPES = YES;
				CLANG_WARN_SUSPICIOUS_MOVE = YES;
				CLANG_WARN_UNGUARDED_AVAILABILITY = YES_AGGRESSIVE;
				CLANG_WARN_UNREACHABLE_CODE = YES;
				CLANG_WARN__DUPLICATE_METHOD_MATCH = YES;
				CODE_SIGN_IDENTITY = "iPhone Developer";
				COPY_PHASE_STRIP = NO;
				DEBUG_INFORMATION_FORMAT = dwarf;
				ENABLE_STRICT_OBJC_MSGSEND = YES;
				ENABLE_TESTABILITY = YES;
				GCC_C_LANGUAGE_STANDARD = gnu11;
				GCC_DYNAMIC_NO_PIC = NO;
				GCC_NO_COMMON_BLOCKS = YES;
				GCC_OPTIMIZATION_LEVEL = 0;
				GCC_PREPROCESSOR_DEFINITIONS = (
					"DEBUG=1",
					"$(inherited)",
				);
				GCC_WARN_64_TO_32_BIT_CONVERSION = YES;
				GCC_WARN_ABOUT_RETURN_TYPE = YES_ERROR;
				GCC_WARN_UNDECLARED_SELECTOR = YES;
				GCC_WARN_UNINITIALIZED_AUTOS = YES_AGGRESSIVE;
				GCC_WARN_UNUSED_FUNCTION = YES;
				GCC_WARN_UNUSED_VARIABLE = YES;
				IPHONEOS_DEPLOYMENT_TARGET = 11.4;
				MTL_ENABLE_DEBUG_INFO = YES;
				ONLY_ACTIVE_ARCH = YES;
				SDKROOT = iphoneos;
				SWIFT_ACTIVE_COMPILATION_CONDITIONS = DEBUG;
				SWIFT_OPTIMIZATION_LEVEL = "-Onone";
			};
			name = Debug;
		};
		E2021D472141353B0063487F /* Release */ = {
			isa = XCBuildConfiguration;
			buildSettings = {
				ALWAYS_SEARCH_USER_PATHS = NO;
				CLANG_ANALYZER_NONNULL = YES;
				CLANG_ANALYZER_NUMBER_OBJECT_CONVERSION = YES_AGGRESSIVE;
				CLANG_CXX_LANGUAGE_STANDARD = "gnu++14";
				CLANG_CXX_LIBRARY = "libc++";
				CLANG_ENABLE_MODULES = YES;
				CLANG_ENABLE_OBJC_ARC = YES;
				CLANG_ENABLE_OBJC_WEAK = YES;
				CLANG_WARN_BLOCK_CAPTURE_AUTORELEASING = YES;
				CLANG_WARN_BOOL_CONVERSION = YES;
				CLANG_WARN_COMMA = YES;
				CLANG_WARN_CONSTANT_CONVERSION = YES;
				CLANG_WARN_DEPRECATED_OBJC_IMPLEMENTATIONS = YES;
				CLANG_WARN_DIRECT_OBJC_ISA_USAGE = YES_ERROR;
				CLANG_WARN_DOCUMENTATION_COMMENTS = YES;
				CLANG_WARN_EMPTY_BODY = YES;
				CLANG_WARN_ENUM_CONVERSION = YES;
				CLANG_WARN_INFINITE_RECURSION = YES;
				CLANG_WARN_INT_CONVERSION = YES;
				CLANG_WARN_NON_LITERAL_NULL_CONVERSION = YES;
				CLANG_WARN_OBJC_IMPLICIT_RETAIN_SELF = YES;
				CLANG_WARN_OBJC_LITERAL_CONVERSION = YES;
				CLANG_WARN_OBJC_ROOT_CLASS = YES_ERROR;
				CLANG_WARN_RANGE_LOOP_ANALYSIS = YES;
				CLANG_WARN_STRICT_PROTOTYPES = YES;
				CLANG_WARN_SUSPICIOUS_MOVE = YES;
				CLANG_WARN_UNGUARDED_AVAILABILITY = YES_AGGRESSIVE;
				CLANG_WARN_UNREACHABLE_CODE = YES;
				CLANG_WARN__DUPLICATE_METHOD_MATCH = YES;
				CODE_SIGN_IDENTITY = "iPhone Developer";
				COPY_PHASE_STRIP = NO;
				DEBUG_INFORMATION_FORMAT = "dwarf-with-dsym";
				ENABLE_NS_ASSERTIONS = NO;
				ENABLE_STRICT_OBJC_MSGSEND = YES;
				GCC_C_LANGUAGE_STANDARD = gnu11;
				GCC_NO_COMMON_BLOCKS = YES;
				GCC_WARN_64_TO_32_BIT_CONVERSION = YES;
				GCC_WARN_ABOUT_RETURN_TYPE = YES_ERROR;
				GCC_WARN_UNDECLARED_SELECTOR = YES;
				GCC_WARN_UNINITIALIZED_AUTOS = YES_AGGRESSIVE;
				GCC_WARN_UNUSED_FUNCTION = YES;
				GCC_WARN_UNUSED_VARIABLE = YES;
				IPHONEOS_DEPLOYMENT_TARGET = 11.4;
				MTL_ENABLE_DEBUG_INFO = NO;
				SDKROOT = iphoneos;
				SWIFT_COMPILATION_MODE = wholemodule;
				SWIFT_OPTIMIZATION_LEVEL = "-O";
				VALIDATE_PRODUCT = YES;
			};
			name = Release;
		};
		E2021D492141353B0063487F /* Debug */ = {
			isa = XCBuildConfiguration;
			baseConfigurationReference = CCB8A81389757ECB67357F86 /* Pods-Colors.debug.xcconfig */;
			buildSettings = {
				ASSETCATALOG_COMPILER_APPICON_NAME = AppIcon;
				CODE_SIGN_STYLE = Automatic;
				DEVELOPMENT_TEAM = M3SURH888X;
				INFOPLIST_FILE = Colors/Info.plist;
				LD_RUNPATH_SEARCH_PATHS = (
					"$(inherited)",
					"@executable_path/Frameworks",
				);
				PRODUCT_BUNDLE_IDENTIFIER = org.c4nvas.colors;
				PRODUCT_NAME = "$(TARGET_NAME)";
				SWIFT_VERSION = 4.2;
				TARGETED_DEVICE_FAMILY = "1,2";
			};
			name = Debug;
		};
		E2021D4A2141353B0063487F /* Release */ = {
			isa = XCBuildConfiguration;
			baseConfigurationReference = 93310F04AA5A8AC4D1AFE857 /* Pods-Colors.release.xcconfig */;
			buildSettings = {
				ASSETCATALOG_COMPILER_APPICON_NAME = AppIcon;
				CODE_SIGN_STYLE = Automatic;
				DEVELOPMENT_TEAM = M3SURH888X;
				INFOPLIST_FILE = Colors/Info.plist;
				LD_RUNPATH_SEARCH_PATHS = (
					"$(inherited)",
					"@executable_path/Frameworks",
				);
				PRODUCT_BUNDLE_IDENTIFIER = org.c4nvas.colors;
				PRODUCT_NAME = "$(TARGET_NAME)";
				SWIFT_VERSION = 4.2;
				TARGETED_DEVICE_FAMILY = "1,2";
			};
			name = Release;
		};
		E2021D4C2141353B0063487F /* Debug */ = {
			isa = XCBuildConfiguration;
			baseConfigurationReference = 2E153BD52EECFC465B1F3734 /* Pods-ColorsTests.debug.xcconfig */;
			buildSettings = {
				ALWAYS_EMBED_SWIFT_STANDARD_LIBRARIES = YES;
				BUNDLE_LOADER = "$(TEST_HOST)";
				CODE_SIGN_STYLE = Automatic;
				DEVELOPMENT_TEAM = M3SURH888X;
				INFOPLIST_FILE = ColorsTests/Info.plist;
				LD_RUNPATH_SEARCH_PATHS = (
					"$(inherited)",
					"@executable_path/Frameworks",
					"@loader_path/Frameworks",
				);
				PRODUCT_BUNDLE_IDENTIFIER = org.c4nvas.ColorsTests;
				PRODUCT_NAME = "$(TARGET_NAME)";
				SWIFT_VERSION = 4.2;
				TARGETED_DEVICE_FAMILY = "1,2";
				TEST_HOST = "$(BUILT_PRODUCTS_DIR)/Colors.app/Colors";
			};
			name = Debug;
		};
		E2021D4D2141353B0063487F /* Release */ = {
			isa = XCBuildConfiguration;
			baseConfigurationReference = 2F7799AB095660DFEDBDC672 /* Pods-ColorsTests.release.xcconfig */;
			buildSettings = {
				ALWAYS_EMBED_SWIFT_STANDARD_LIBRARIES = YES;
				BUNDLE_LOADER = "$(TEST_HOST)";
				CODE_SIGN_STYLE = Automatic;
				DEVELOPMENT_TEAM = M3SURH888X;
				INFOPLIST_FILE = ColorsTests/Info.plist;
				LD_RUNPATH_SEARCH_PATHS = (
					"$(inherited)",
					"@executable_path/Frameworks",
					"@loader_path/Frameworks",
				);
				PRODUCT_BUNDLE_IDENTIFIER = org.c4nvas.ColorsTests;
				PRODUCT_NAME = "$(TARGET_NAME)";
				SWIFT_VERSION = 4.2;
				TARGETED_DEVICE_FAMILY = "1,2";
				TEST_HOST = "$(BUILT_PRODUCTS_DIR)/Colors.app/Colors";
			};
			name = Release;
		};
		E2021D4F2141353B0063487F /* Debug */ = {
			isa = XCBuildConfiguration;
			baseConfigurationReference = D1DCB5CC6FDDF9CB9ED49484 /* Pods-ColorsUITests.debug.xcconfig */;
			buildSettings = {
				ALWAYS_EMBED_SWIFT_STANDARD_LIBRARIES = YES;
				CODE_SIGN_STYLE = Automatic;
				DEVELOPMENT_TEAM = M3SURH888X;
				INFOPLIST_FILE = ColorsUITests/Info.plist;
				LD_RUNPATH_SEARCH_PATHS = (
					"$(inherited)",
					"@executable_path/Frameworks",
					"@loader_path/Frameworks",
				);
				PRODUCT_BUNDLE_IDENTIFIER = org.c4nvas.ColorsUITests;
				PRODUCT_NAME = "$(TARGET_NAME)";
				SWIFT_VERSION = 4.2;
				TARGETED_DEVICE_FAMILY = "1,2";
				TEST_TARGET_NAME = Colors;
			};
			name = Debug;
		};
		E2021D502141353B0063487F /* Release */ = {
			isa = XCBuildConfiguration;
			baseConfigurationReference = F69B3F6BF342CFA0F175E904 /* Pods-ColorsUITests.release.xcconfig */;
			buildSettings = {
				ALWAYS_EMBED_SWIFT_STANDARD_LIBRARIES = YES;
				CODE_SIGN_STYLE = Automatic;
				DEVELOPMENT_TEAM = M3SURH888X;
				INFOPLIST_FILE = ColorsUITests/Info.plist;
				LD_RUNPATH_SEARCH_PATHS = (
					"$(inherited)",
					"@executable_path/Frameworks",
					"@loader_path/Frameworks",
				);
				PRODUCT_BUNDLE_IDENTIFIER = org.c4nvas.ColorsUITests;
				PRODUCT_NAME = "$(TARGET_NAME)";
				SWIFT_VERSION = 4.2;
				TARGETED_DEVICE_FAMILY = "1,2";
				TEST_TARGET_NAME = Colors;
			};
			name = Release;
		};
/* End XCBuildConfiguration section */

/* Begin XCConfigurationList section */
		E2021D1B214135390063487F /* Build configuration list for PBXProject "Colors" */ = {
			isa = XCConfigurationList;
			buildConfigurations = (
				E2021D462141353B0063487F /* Debug */,
				E2021D472141353B0063487F /* Release */,
			);
			defaultConfigurationIsVisible = 0;
			defaultConfigurationName = Release;
		};
		E2021D482141353B0063487F /* Build configuration list for PBXNativeTarget "Colors" */ = {
			isa = XCConfigurationList;
			buildConfigurations = (
				E2021D492141353B0063487F /* Debug */,
				E2021D4A2141353B0063487F /* Release */,
			);
			defaultConfigurationIsVisible = 0;
			defaultConfigurationName = Release;
		};
		E2021D4B2141353B0063487F /* Build configuration list for PBXNativeTarget "ColorsTests" */ = {
			isa = XCConfigurationList;
			buildConfigurations = (
				E2021D4C2141353B0063487F /* Debug */,
				E2021D4D2141353B0063487F /* Release */,
			);
			defaultConfigurationIsVisible = 0;
			defaultConfigurationName = Release;
		};
		E2021D4E2141353B0063487F /* Build configuration list for PBXNativeTarget "ColorsUITests" */ = {
			isa = XCConfigurationList;
			buildConfigurations = (
				E2021D4F2141353B0063487F /* Debug */,
				E2021D502141353B0063487F /* Release */,
			);
			defaultConfigurationIsVisible = 0;
			defaultConfigurationName = Release;
		};
/* End XCConfigurationList section */
	};
	rootObject = E2021D18214135390063487F /* Project object */;
}
